
Microsoft Visual Studio Solution File, Format Version 12.00
# Visual Studio Version 16
VisualStudioVersion = 16.0.31424.327
MinimumVisualStudioVersion = 10.0.40219.1
Project("{FAE04EC0-301F-11D3-BF4B-00C04F79EFBC}") = "SortByIndexOfLibrary", "SortByIndexOfLibrary\SortByIndexOfLibrary.csproj", "{F99419D7-465F-46C2-B559-A30E0088B415}"
EndProject
Project("{FAE04EC0-301F-11D3-BF4B-00C04F79EFBC}") = "SortByIndexOfLibrary.Test", "SortByIndexOfLibrary.Test\SortByIndexOfLibrary.Test.csproj", "{117D44AF-1CE9-4C6F-BF33-9F1D63BDD72E}"
EndProject
Global
	GlobalSection(SolutionConfigurationPlatforms) = preSolution
		Debug|Any CPU = Debug|Any CPU
		Release|Any CPU = Release|Any CPU
	EndGlobalSection
	GlobalSection(ProjectConfigurationPlatforms) = postSolution
		{F99419D7-465F-46C2-B559-A30E0088B415}.Debug|Any CPU.ActiveCfg = Debug|Any CPU
		{F99419D7-465F-46C2-B559-A30E0088B415}.Debug|Any CPU.Build.0 = Debug|Any CPU
		{F99419D7-465F-46C2-B559-A30E0088B415}.Release|Any CPU.ActiveCfg = Release|Any CPU
		{F99419D7-465F-46C2-B559-A30E0088B415}.Release|Any CPU.Build.0 = Release|Any CPU
		{117D44AF-1CE9-4C6F-BF33-9F1D63BDD72E}.Debug|Any CPU.ActiveCfg = Debug|Any CPU
		{117D44AF-1CE9-4C6F-BF33-9F1D63BDD72E}.Debug|Any CPU.Build.0 = Debug|Any CPU
		{117D44AF-1CE9-4C6F-BF33-9F1D63BDD72E}.Release|Any CPU.ActiveCfg = Release|Any CPU
		{117D44AF-1CE9-4C6F-BF33-9F1D63BDD72E}.Release|Any CPU.Build.0 = Release|Any CPU
	EndGlobalSection
	GlobalSection(SolutionProperties) = preSolution
		HideSolutionNode = FALSE
	EndGlobalSection
	GlobalSection(ExtensibilityGlobals) = postSolution
		SolutionGuid = {EEC7F8A2-9F9D-426A-983E-2389CE3844C0}
	EndGlobalSection
EndGlobal
